
Microsoft Visual Studio Solution File, Format Version 12.00
# Visual Studio Version 16
VisualStudioVersion = 16.0.31515.178
MinimumVisualStudioVersion = 10.0.40219.1
Project("{8BC9CEB8-8B4A-11D0-8D11-00A0C91BC942}") = "DijkstraAStar", "Dijkstra\Dijkstra.vcxproj", "{1EAB4FC4-F974-4680-99C8-3EBF50FF93B2}"
EndProject
Project("{8BC9CEB8-8B4A-11D0-8D11-00A0C91BC942}") = "StateMachine", "StateMachine\StateMachine.vcxproj", "{8EFD34D9-B8C6-4E99-8183-5CF60EC35567}"
EndProject
Project("{8BC9CEB8-8B4A-11D0-8D11-00A0C91BC942}") = "Tests", "Tests\Tests.vcxproj", "{A23B1019-A4D8-4CDD-8C2B-A7A6C442494B}"
EndProject
Global
	GlobalSection(SolutionConfigurationPlatforms) = preSolution
		Debug|x64 = Debug|x64
		Debug|x86 = Debug|x86
		Release|x64 = Release|x64
		Release|x86 = Release|x86
	EndGlobalSection
	GlobalSection(ProjectConfigurationPlatforms) = postSolution
		{1EAB4FC4-F974-4680-99C8-3EBF50FF93B2}.Debug|x64.ActiveCfg = Debug|x64
		{1EAB4FC4-F974-4680-99C8-3EBF50FF93B2}.Debug|x64.Build.0 = Debug|x64
		{1EAB4FC4-F974-4680-99C8-3EBF50FF93B2}.Debug|x86.ActiveCfg = Debug|Win32
		{1EAB4FC4-F974-4680-99C8-3EBF50FF93B2}.Debug|x86.Build.0 = Debug|Win32
		{1EAB4FC4-F974-4680-99C8-3EBF50FF93B2}.Release|x64.ActiveCfg = Release|x64
		{1EAB4FC4-F974-4680-99C8-3EBF50FF93B2}.Release|x64.Build.0 = Release|x64
		{1EAB4FC4-F974-4680-99C8-3EBF50FF93B2}.Release|x86.ActiveCfg = Release|Win32
		{1EAB4FC4-F974-4680-99C8-3EBF50FF93B2}.Release|x86.Build.0 = Release|Win32
		{8EFD34D9-B8C6-4E99-8183-5CF60EC35567}.Debug|x64.ActiveCfg = Debug|x64
		{8EFD34D9-B8C6-4E99-8183-5CF60EC35567}.Debug|x64.Build.0 = Debug|x64
		{8EFD34D9-B8C6-4E99-8183-5CF60EC35567}.Debug|x86.ActiveCfg = Debug|Win32
		{8EFD34D9-B8C6-4E99-8183-5CF60EC35567}.Debug|x86.Build.0 = Debug|Win32
		{8EFD34D9-B8C6-4E99-8183-5CF60EC35567}.Release|x64.ActiveCfg = Release|x64
		{8EFD34D9-B8C6-4E99-8183-5CF60EC35567}.Release|x64.Build.0 = Release|x64
		{8EFD34D9-B8C6-4E99-8183-5CF60EC35567}.Release|x86.ActiveCfg = Release|Win32
		{8EFD34D9-B8C6-4E99-8183-5CF60EC35567}.Release|x86.Build.0 = Release|Win32
		{A23B1019-A4D8-4CDD-8C2B-A7A6C442494B}.Debug|x64.ActiveCfg = Debug|x64
		{A23B1019-A4D8-4CDD-8C2B-A7A6C442494B}.Debug|x64.Build.0 = Debug|x64
		{A23B1019-A4D8-4CDD-8C2B-A7A6C442494B}.Debug|x86.ActiveCfg = Debug|Win32
		{A23B1019-A4D8-4CDD-8C2B-A7A6C442494B}.Debug|x86.Build.0 = Debug|Win32
		{A23B1019-A4D8-4CDD-8C2B-A7A6C442494B}.Release|x64.ActiveCfg = Release|x64
		{A23B1019-A4D8-4CDD-8C2B-A7A6C442494B}.Release|x64.Build.0 = Release|x64
		{A23B1019-A4D8-4CDD-8C2B-A7A6C442494B}.Release|x86.ActiveCfg = Release|Win32
		{A23B1019-A4D8-4CDD-8C2B-A7A6C442494B}.Release|x86.Build.0 = Release|Win32
	EndGlobalSection
	GlobalSection(SolutionProperties) = preSolution
		HideSolutionNode = FALSE
	EndGlobalSection
	GlobalSection(ExtensibilityGlobals) = postSolution
		SolutionGuid = {D558072C-6C95-4F03-AA4A-422A096FAF1E}
	EndGlobalSection
EndGlobal
